
Microsoft Visual Studio Solution File, Format Version 12.00
# Visual Studio Version 16
VisualStudioVersion = 16.0.32802.440
MinimumVisualStudioVersion = 10.0.40219.1
Project("{FAE04EC0-301F-11D3-BF4B-00C04F79EFBC}") = "iistest2", "iistest2\iistest2.csproj", "{65401A93-3564-4031-99A5-054591275B3B}"
EndProject
Global
	GlobalSection(SolutionConfigurationPlatforms) = preSolution
		Debug|Any CPU = Debug|Any CPU
		Release|Any CPU = Release|Any CPU
	EndGlobalSection
	GlobalSection(ProjectConfigurationPlatforms) = postSolution
		{65401A93-3564-4031-99A5-054591275B3B}.Debug|Any CPU.ActiveCfg = Debug|Any CPU
		{65401A93-3564-4031-99A5-054591275B3B}.Debug|Any CPU.Build.0 = Debug|Any CPU
		{65401A93-3564-4031-99A5-054591275B3B}.Release|Any CPU.ActiveCfg = Release|Any CPU
		{65401A93-3564-4031-99A5-054591275B3B}.Release|Any CPU.Build.0 = Release|Any CPU
	EndGlobalSection
	GlobalSection(SolutionProperties) = preSolution
		HideSolutionNode = FALSE
	EndGlobalSection
	GlobalSection(ExtensibilityGlobals) = postSolution
		SolutionGuid = {B234A337-4126-44C0-AC0E-50DB4866CE0F}
	EndGlobalSection
EndGlobal
